# Generated by pub
# See https://dart.dev/tools/pub/glossary#lockfile
packages:
  _flutterfire_internals:
    dependency: transitive
    description:
      name: _flutterfire_internals
      sha256: "8a1f5f3020ef2a74fb93f7ab3ef127a8feea33a7a2276279113660784ee7516a"
      url: "https://pub.dev"
    source: hosted
    version: "1.3.64"
  admonitions:
    dependency: "direct main"
    description:
      name: admonitions
      sha256: "4223e7d674c568c6a4d53e17094363862ab83cfbd7476caf7986cd780fb73163"
      url: "https://pub.dev"
    source: hosted
    version: "1.1.1"
  app_settings:
    dependency: "direct main"
    description:
      name: app_settings
      sha256: "3e46c561441e5820d3a25339bf8b51b9e45a5f686873851a20c257a530917795"
      url: "https://pub.dev"
    source: hosted
    version: "6.1.1"
  args:
    dependency: transitive
    description:
      name: args
      sha256: d0481093c50b1da8910eb0bb301626d4d8eb7284aa739614d2b394ee09e3ea04
      url: "https://pub.dev"
    source: hosted
    version: "2.7.0"
  async:
    dependency: transitive
    description:
      name: async
      sha256: "758e6d74e971c3e5aceb4110bfd6698efc7f501675bcfe0c775459a8140750eb"
      url: "https://pub.dev"
    source: hosted
    version: "2.13.0"
  auto_start_flutter:
    dependency: "direct main"
    description:
      path: "."
      ref: master
      resolved-ref: "4833b9ced699973f4580fe59ae63dd4185620c7f"
      url: "https://github.com/seena98/auto_start_flutter.git"
    source: git
    version: "0.1.4"
  boolean_selector:
    dependency: transitive
    description:
      name: boolean_selector
      sha256: "8aab1771e1243a5063b8b0ff68042d67334e3feab9e95b9490f9a6ebf73b42ea"
      url: "https://pub.dev"
    source: hosted
    version: "2.1.2"
  cached_network_image:
    dependency: "direct main"
    description:
      name: cached_network_image
      sha256: "7c1183e361e5c8b0a0f21a28401eecdbde252441106a9816400dd4c2b2424916"
      url: "https://pub.dev"
    source: hosted
    version: "3.4.1"
  cached_network_image_platform_interface:
    dependency: transitive
    description:
      name: cached_network_image_platform_interface
      sha256: "35814b016e37fbdc91f7ae18c8caf49ba5c88501813f73ce8a07027a395e2829"
      url: "https://pub.dev"
    source: hosted
    version: "4.1.1"
  cached_network_image_web:
    dependency: transitive
    description:
      name: cached_network_image_web
      sha256: "980842f4e8e2535b8dbd3d5ca0b1f0ba66bf61d14cc3a17a9b4788a3685ba062"
      url: "https://pub.dev"
    source: hosted
    version: "1.3.1"
  characters:
    dependency: transitive
    description:
      name: characters
      sha256: f71061c654a3380576a52b451dd5532377954cf9dbd272a78fc8479606670803
      url: "https://pub.dev"
    source: hosted
    version: "1.4.0"
  clock:
    dependency: transitive
    description:
      name: clock
      sha256: fddb70d9b5277016c77a80201021d40a2247104d9f4aa7bab7157b7e3f05b84b
      url: "https://pub.dev"
    source: hosted
    version: "1.1.2"
  collection:
    dependency: transitive
    description:
      name: collection
      sha256: "2f5709ae4d3d59dd8f7cd309b4e023046b57d8a6c82130785d2b0e5868084e76"
      url: "https://pub.dev"
    source: hosted
    version: "1.19.1"
  cross_file:
    dependency: transitive
    description:
      name: cross_file
      sha256: "942a4791cd385a68ccb3b32c71c427aba508a1bb949b86dff2adbe4049f16239"
      url: "https://pub.dev"
    source: hosted
    version: "0.3.5"
  crypto:
    dependency: transitive
    description:
      name: crypto
      sha256: c8ea0233063ba03258fbcf2ca4d6dadfefe14f02fab57702265467a19f27fadf
      url: "https://pub.dev"
    source: hosted
    version: "3.0.7"
  dbus:
    dependency: transitive
    description:
      name: dbus
      sha256: "79e0c23480ff85dc68de79e2cd6334add97e48f7f4865d17686dd6ea81a47e8c"
      url: "https://pub.dev"
    source: hosted
    version: "0.7.11"
  device_info_plus:
    dependency: "direct main"
    description:
      name: device_info_plus
      sha256: dd0e8e02186b2196c7848c9d394a5fd6e5b57a43a546082c5820b1ec72317e33
      url: "https://pub.dev"
    source: hosted
    version: "12.2.0"
  device_info_plus_platform_interface:
    dependency: transitive
    description:
      name: device_info_plus_platform_interface
      sha256: e1ea89119e34903dca74b883d0dd78eb762814f97fb6c76f35e9ff74d261a18f
      url: "https://pub.dev"
    source: hosted
    version: "7.0.3"
  dots_indicator:
    dependency: transitive
    description:
      name: dots_indicator
      sha256: c070af5058a084ba7b354df4b4c26c719595d70a3531eea6edd8af8716684ba3
      url: "https://pub.dev"
    source: hosted
    version: "4.0.1"
  dynamic_color:
    dependency: "direct main"
    description:
      name: dynamic_color
      sha256: "43a5a6679649a7731ab860334a5812f2067c2d9ce6452cf069c5e0c25336c17c"
      url: "https://pub.dev"
    source: hosted
    version: "1.8.1"
  email_validator:
    dependency: "direct main"
    description:
      name: email_validator
      sha256: b19aa5d92fdd76fbc65112060c94d45ba855105a28bb6e462de7ff03b12fa1fb
      url: "https://pub.dev"
    source: hosted
    version: "3.0.0"
  fake_async:
    dependency: transitive
    description:
      name: fake_async
      sha256: "5368f224a74523e8d2e7399ea1638b37aecfca824a3cc4dfdf77bf1fa905ac44"
      url: "https://pub.dev"
    source: hosted
    version: "1.3.3"
  ffi:
    dependency: transitive
    description:
      name: ffi
      sha256: "289279317b4b16eb2bb7e271abccd4bf84ec9bdcbe999e278a94b804f5630418"
      url: "https://pub.dev"
    source: hosted
    version: "2.1.4"
  file:
    dependency: transitive
    description:
      name: file
      sha256: a3b4f84adafef897088c160faf7dfffb7696046cb13ae90b508c2cbc95d3b8d4
      url: "https://pub.dev"
    source: hosted
    version: "7.0.1"
  firebase_analytics:
    dependency: "direct main"
    description:
      name: firebase_analytics
      sha256: bfb80d92eee10a6585ebd5a7e60de5caf0f2c06329e5676c0578130aea1bfe85
      url: "https://pub.dev"
    source: hosted
    version: "12.0.4"
  firebase_analytics_platform_interface:
    dependency: transitive
    description:
      name: firebase_analytics_platform_interface
      sha256: "3b803077907def997044774f6c022d8e9204e9c0f5e205e3572d887c93dafd72"
      url: "https://pub.dev"
    source: hosted
    version: "5.0.4"
  firebase_analytics_web:
    dependency: transitive
    description:
      name: firebase_analytics_web
      sha256: "0dbd96dbe77b51185319000c0078477fdcffb4abb0018c362dd9afb9845c1e06"
      url: "https://pub.dev"
    source: hosted
    version: "0.6.1"
  firebase_core:
    dependency: "direct main"
    description:
      name: firebase_core
      sha256: "1f2dfd9f535d81f8b06d7a50ecda6eac1e6922191ed42e09ca2c84bd2288927c"
      url: "https://pub.dev"
    source: hosted
    version: "4.2.1"
  firebase_core_platform_interface:
    dependency: transitive
    description:
      name: firebase_core_platform_interface
      sha256: cccb4f572325dc14904c02fcc7db6323ad62ba02536833dddb5c02cac7341c64
      url: "https://pub.dev"
    source: hosted
    version: "6.0.2"
  firebase_core_web:
    dependency: transitive
    description:
      name: firebase_core_web
      sha256: ff18fabb0ad0ed3595d2f2c85007ecc794aadecdff5b3bb1460b7ee47cded398
      url: "https://pub.dev"
    source: hosted
    version: "3.3.0"
  firebase_crashlytics:
    dependency: "direct main"
    description:
      name: firebase_crashlytics
      sha256: c3ebe3ed9f3b1d36c0864a4a28b041fcc2686f11fb2a4f7891319ea8d1d161cc
      url: "https://pub.dev"
    source: hosted
    version: "5.0.4"
  firebase_crashlytics_platform_interface:
    dependency: transitive
    description:
      name: firebase_crashlytics_platform_interface
      sha256: a8ca502fe3aa48b4f0b9e6e3bc0019085a247b5d1214cd342a189457975662db
      url: "https://pub.dev"
    source: hosted
    version: "3.8.15"
  fixnum:
    dependency: transitive
    description:
      name: fixnum
      sha256: b6dc7065e46c974bc7c5f143080a6764ec7a4be6da1285ececdc37be96de53be
      url: "https://pub.dev"
    source: hosted
    version: "1.1.1"
  flutter:
    dependency: "direct main"
    description: flutter
    source: sdk
    version: "0.0.0"
  flutter_cache_manager:
    dependency: transitive
    description:
      name: flutter_cache_manager
      sha256: "400b6592f16a4409a7f2bb929a9a7e38c72cceb8ffb99ee57bbf2cb2cecf8386"
      url: "https://pub.dev"
    source: hosted
    version: "3.4.1"
  flutter_compass_v2:
    dependency: transitive
    description:
      name: flutter_compass_v2
      sha256: c17b1533a43f5192e73d2f475ec2c142cc1e193eba6a9b49433d1ab68d70606b
      url: "https://pub.dev"
    source: hosted
    version: "1.0.3"
  flutter_custom_tabs:
    dependency: "direct main"
    description:
      name: flutter_custom_tabs
      sha256: ac3543d7b4e0ac6ecdf3744360039ebb573656c0ce759149d228e1934d4f7535
      url: "https://pub.dev"
    source: hosted
    version: "2.4.0"
  flutter_custom_tabs_android:
    dependency: transitive
    description:
      name: flutter_custom_tabs_android
      sha256: "925fc5e7d27372ee523962dcfcd4b77c0443549482c284dd7897b77815547621"
      url: "https://pub.dev"
    source: hosted
    version: "2.3.1"
  flutter_custom_tabs_ios:
    dependency: transitive
    description:
      name: flutter_custom_tabs_ios
      sha256: c61a58d30b29ccb09ea4da0daa335bbf8714bcf8798d0d9f4f58a0b83c6c421b
      url: "https://pub.dev"
    source: hosted
    version: "2.4.0"
  flutter_custom_tabs_platform_interface:
    dependency: transitive
    description:
      name: flutter_custom_tabs_platform_interface
      sha256: "54a6ff5cc7571cb266a47ade9f6f89d1980b9ed2dba18162a6d5300afc408449"
      url: "https://pub.dev"
    source: hosted
    version: "2.3.0"
  flutter_custom_tabs_web:
    dependency: transitive
    description:
      name: flutter_custom_tabs_web
      sha256: "236e035c73b6d3ef0a2f85cd8b6b815954e7559c9f9d50a15ed2e53a297b58b0"
      url: "https://pub.dev"
    source: hosted
    version: "2.3.0"
  flutter_keyboard_visibility_linux:
    dependency: transitive
    description:
      name: flutter_keyboard_visibility_linux
      sha256: "6fba7cd9bb033b6ddd8c2beb4c99ad02d728f1e6e6d9b9446667398b2ac39f08"
      url: "https://pub.dev"
    source: hosted
    version: "1.0.0"
  flutter_keyboard_visibility_macos:
    dependency: transitive
    description:
      name: flutter_keyboard_visibility_macos
      sha256: c5c49b16fff453dfdafdc16f26bdd8fb8d55812a1d50b0ce25fc8d9f2e53d086
      url: "https://pub.dev"
    source: hosted
    version: "1.0.0"
  flutter_keyboard_visibility_platform_interface:
    dependency: transitive
    description:
      name: flutter_keyboard_visibility_platform_interface
      sha256: e43a89845873f7be10cb3884345ceb9aebf00a659f479d1c8f4293fcb37022a4
      url: "https://pub.dev"
    source: hosted
    version: "2.0.0"
  flutter_keyboard_visibility_temp_fork:
    dependency: transitive
    description:
      name: flutter_keyboard_visibility_temp_fork
      sha256: e3d02900640fbc1129245540db16944a0898b8be81694f4bf04b6c985bed9048
      url: "https://pub.dev"
    source: hosted
    version: "0.1.5"
  flutter_keyboard_visibility_windows:
    dependency: transitive
    description:
      name: flutter_keyboard_visibility_windows
      sha256: fc4b0f0b6be9b93ae527f3d527fb56ee2d918cd88bbca438c478af7bcfd0ef73
      url: "https://pub.dev"
    source: hosted
    version: "1.0.0"
  flutter_lints:
    dependency: "direct dev"
    description:
      name: flutter_lints
      sha256: "3105dc8492f6183fb076ccf1f351ac3d60564bff92e20bfc4af9cc1651f4e7e1"
      url: "https://pub.dev"
    source: hosted
    version: "6.0.0"
  flutter_local_notifications:
    dependency: "direct main"
    description:
      name: flutter_local_notifications
      sha256: "19ffb0a8bb7407875555e5e98d7343a633bb73707bae6c6a5f37c90014077875"
      url: "https://pub.dev"
    source: hosted
    version: "19.5.0"
  flutter_local_notifications_linux:
    dependency: transitive
    description:
      name: flutter_local_notifications_linux
      sha256: e3c277b2daab8e36ac5a6820536668d07e83851aeeb79c446e525a70710770a5
      url: "https://pub.dev"
    source: hosted
    version: "6.0.0"
  flutter_local_notifications_platform_interface:
    dependency: transitive
    description:
      name: flutter_local_notifications_platform_interface
      sha256: "277d25d960c15674ce78ca97f57d0bae2ee401c844b6ac80fcd972a9c99d09fe"
      url: "https://pub.dev"
    source: hosted
    version: "9.1.0"
  flutter_local_notifications_windows:
    dependency: transitive
    description:
      name: flutter_local_notifications_windows
      sha256: "8d658f0d367c48bd420e7cf2d26655e2d1130147bca1eea917e576ca76668aaf"
      url: "https://pub.dev"
    source: hosted
    version: "1.0.3"
  flutter_localizations:
    dependency: "direct main"
    description: flutter
    source: sdk
    version: "0.0.0"
  flutter_markdown:
    dependency: "direct main"
    description:
      name: flutter_markdown
      sha256: "08fb8315236099ff8e90cb87bb2b935e0a724a3af1623000a9cec930468e0f27"
      url: "https://pub.dev"
    source: hosted
    version: "0.7.7+1"
  flutter_qiblah:
    dependency: "direct main"
    description:
      name: flutter_qiblah
      sha256: "5184b24bd6d9931221ac8bed6dd9399cc9af709973c8b88e77a49626122e00a3"
      url: "https://pub.dev"
    source: hosted
    version: "3.1.0+1"
  flutter_spinkit:
    dependency: "direct main"
    description:
      name: flutter_spinkit
      sha256: "77850df57c00dc218bfe96071d576a8babec24cf58b2ed121c83cca4a2fdce7f"
      url: "https://pub.dev"
    source: hosted
    version: "5.2.2"
  flutter_staggered_animations:
    dependency: "direct main"
    description:
      name: flutter_staggered_animations
      sha256: "81d3c816c9bb0dca9e8a5d5454610e21ffb068aedb2bde49d2f8d04f75538351"
      url: "https://pub.dev"
    source: hosted
    version: "1.1.1"
  flutter_svg:
    dependency: "direct main"
    description:
      name: flutter_svg
      sha256: "055de8921be7b8e8b98a233c7a5ef84b3a6fcc32f46f1ebf5b9bb3576d108355"
      url: "https://pub.dev"
    source: hosted
    version: "2.2.2"
  flutter_test:
    dependency: "direct dev"
    description: flutter
    source: sdk
    version: "0.0.0"
  flutter_web_plugins:
    dependency: transitive
    description: flutter
    source: sdk
    version: "0.0.0"
  fluttertoast:
    dependency: "direct main"
    description:
      name: fluttertoast
      sha256: "144ddd74d49c865eba47abe31cbc746c7b311c82d6c32e571fd73c4264b740e2"
      url: "https://pub.dev"
    source: hosted
    version: "9.0.0"
  font_awesome_flutter:
    dependency: "direct main"
    description:
      name: font_awesome_flutter
      sha256: b9011df3a1fa02993630b8fb83526368cf2206a711259830325bab2f1d2a4eb0
      url: "https://pub.dev"
    source: hosted
    version: "10.12.0"
  gap:
    dependency: "direct main"
    description:
      name: gap
      sha256: f19387d4e32f849394758b91377f9153a1b41d79513ef7668c088c77dbc6955d
      url: "https://pub.dev"
    source: hosted
    version: "3.0.1"
  geocoding:
    dependency: "direct main"
    description:
      name: geocoding
      sha256: "606be036287842d779d7ec4e2f6c9435fc29bbbd3c6da6589710f981d8852895"
      url: "https://pub.dev"
    source: hosted
    version: "4.0.0"
  geocoding_android:
    dependency: transitive
    description:
      name: geocoding_android
      sha256: ba810da90d6633cbb82bbab630e5b4a3b7d23503263c00ae7f1ef0316dcae5b9
      url: "https://pub.dev"
    source: hosted
    version: "4.0.1"
  geocoding_ios:
    dependency: transitive
    description:
      name: geocoding_ios
      sha256: "18ab1c8369e2b0dcb3a8ccc907319334f35ee8cf4cfef4d9c8e23b13c65cb825"
      url: "https://pub.dev"
    source: hosted
    version: "3.1.0"
  geocoding_platform_interface:
    dependency: transitive
    description:
      name: geocoding_platform_interface
      sha256: "8c2c8226e5c276594c2e18bfe88b19110ed770aeb7c1ab50ede570be8b92229b"
      url: "https://pub.dev"
    source: hosted
    version: "3.2.0"
  geolocator:
    dependency: "direct main"
    description:
      name: geolocator
      sha256: f62bcd90459e63210bbf9c35deb6a51c521f992a78de19a1fe5c11704f9530e2
      url: "https://pub.dev"
    source: hosted
    version: "13.0.4"
  geolocator_android:
    dependency: transitive
    description:
      name: geolocator_android
      sha256: fcb1760a50d7500deca37c9a666785c047139b5f9ee15aa5469fae7dbbe3170d
      url: "https://pub.dev"
    source: hosted
    version: "4.6.2"
  geolocator_apple:
    dependency: transitive
    description:
      name: geolocator_apple
      sha256: dbdd8789d5aaf14cf69f74d4925ad1336b4433a6efdf2fce91e8955dc921bf22
      url: "https://pub.dev"
    source: hosted
    version: "2.3.13"
  geolocator_platform_interface:
    dependency: transitive
    description:
      name: geolocator_platform_interface
      sha256: "30cb64f0b9adcc0fb36f628b4ebf4f731a2961a0ebd849f4b56200205056fe67"
      url: "https://pub.dev"
    source: hosted
    version: "4.2.6"
  geolocator_web:
    dependency: transitive
    description:
      name: geolocator_web
      sha256: b1ae9bdfd90f861fde8fd4f209c37b953d65e92823cb73c7dee1fa021b06f172
      url: "https://pub.dev"
    source: hosted
    version: "4.1.3"
  geolocator_windows:
    dependency: transitive
    description:
      name: geolocator_windows
      sha256: "175435404d20278ffd220de83c2ca293b73db95eafbdc8131fe8609be1421eb6"
      url: "https://pub.dev"
    source: hosted
    version: "0.2.5"
  get:
    dependency: transitive
    description:
      name: get
      sha256: c79eeb4339f1f3deffd9ec912f8a923834bec55f7b49c9e882b8fef2c139d425
      url: "https://pub.dev"
    source: hosted
    version: "4.7.2"
  get_storage:
    dependency: "direct main"
    description:
      name: get_storage
      sha256: "39db1fffe779d0c22b3a744376e86febe4ade43bf65e06eab5af707dc84185a2"
      url: "https://pub.dev"
    source: hosted
    version: "2.1.1"
  google_fonts:
    dependency: "direct main"
    description:
      name: google_fonts
      sha256: "517b20870220c48752eafa0ba1a797a092fb22df0d89535fd9991e86ee2cdd9c"
      url: "https://pub.dev"
    source: hosted
    version: "6.3.2"
  google_mobile_ads:
    dependency: "direct main"
    description:
      name: google_mobile_ads
      sha256: a4f59019f2c32769fb6c60ed8aa321e9c21a36297e2c4f23452b3e779a3e7a26
      url: "https://pub.dev"
    source: hosted
    version: "6.0.0"
  home_widget:
    dependency: "direct main"
    description:
      name: home_widget
      sha256: "908d033514a981f829fd98213909e11a428104327be3b422718aa643ac9d084a"
      url: "https://pub.dev"
    source: hosted
    version: "0.8.1"
  hotspot:
    dependency: "direct main"
    description:
      name: hotspot
      sha256: "7f285dce4e8b41ca283c739184e2120a40a1805bfeafe5dee747521d633ec4b1"
      url: "https://pub.dev"
    source: hosted
    version: "0.1.3"
  http:
    dependency: "direct main"
    description:
      name: http
      sha256: "87721a4a50b19c7f1d49001e51409bddc46303966ce89a65af4f4e6004896412"
      url: "https://pub.dev"
    source: hosted
    version: "1.6.0"
  http_parser:
    dependency: transitive
    description:
      name: http_parser
      sha256: "178d74305e7866013777bab2c3d8726205dc5a4dd935297175b19a23a2e66571"
      url: "https://pub.dev"
    source: hosted
    version: "4.1.2"
  in_app_review:
    dependency: "direct main"
    description:
      name: in_app_review
      sha256: ab26ac54dbd802896af78c670b265eaeab7ecddd6af4d0751e9604b60574817f
      url: "https://pub.dev"
    source: hosted
    version: "2.0.11"
  in_app_review_platform_interface:
    dependency: transitive
    description:
      name: in_app_review_platform_interface
      sha256: fed2c755f2125caa9ae10495a3c163aa7fab5af3585a9c62ef4a6920c5b45f10
      url: "https://pub.dev"
    source: hosted
    version: "2.0.5"
  intl:
    dependency: "direct main"
    description:
      name: intl
      sha256: "3df61194eb431efc39c4ceba583b95633a403f46c9fd341e550ce0bfa50e9aa5"
      url: "https://pub.dev"
    source: hosted
    version: "0.20.2"
  introduction_screen:
    dependency: "direct main"
    description:
      name: introduction_screen
      sha256: "47ad51281f86c3ed47e0c1a0008899ad253ca71e8b626fd862e55993825a271b"
      url: "https://pub.dev"
    source: hosted
    version: "4.0.0"
  json_annotation:
    dependency: transitive
    description:
      name: json_annotation
      sha256: "1ce844379ca14835a50d2f019a3099f419082cfdd231cd86a142af94dd5c6bb1"
      url: "https://pub.dev"
    source: hosted
    version: "4.9.0"
  leak_tracker:
    dependency: transitive
    description:
      name: leak_tracker
      sha256: "33e2e26bdd85a0112ec15400c8cbffea70d0f9c3407491f672a2fad47915e2de"
      url: "https://pub.dev"
    source: hosted
    version: "11.0.2"
  leak_tracker_flutter_testing:
    dependency: transitive
    description:
      name: leak_tracker_flutter_testing
      sha256: "1dbc140bb5a23c75ea9c4811222756104fbcd1a27173f0c34ca01e16bea473c1"
      url: "https://pub.dev"
    source: hosted
    version: "3.0.10"
  leak_tracker_testing:
    dependency: transitive
    description:
      name: leak_tracker_testing
      sha256: "8d5a2d49f4a66b49744b23b018848400d23e54caf9463f4eb20df3eb8acb2eb1"
      url: "https://pub.dev"
    source: hosted
    version: "3.0.2"
  lints:
    dependency: transitive
    description:
      name: lints
      sha256: a5e2b223cb7c9c8efdc663ef484fdd95bb243bff242ef5b13e26883547fce9a0
      url: "https://pub.dev"
    source: hosted
    version: "6.0.0"
  markdown:
    dependency: transitive
    description:
      name: markdown
      sha256: "935e23e1ff3bc02d390bad4d4be001208ee92cc217cb5b5a6c19bc14aaa318c1"
      url: "https://pub.dev"
    source: hosted
    version: "7.3.0"
  matcher:
    dependency: transitive
    description:
      name: matcher
      sha256: dc58c723c3c24bf8d3e2d3ad3f2f9d7bd9cf43ec6feaa64181775e60190153f2
      url: "https://pub.dev"
    source: hosted
    version: "0.12.17"
  material_color_utilities:
    dependency: transitive
    description:
      name: material_color_utilities
      sha256: f7142bb1154231d7ea5f96bc7bde4bda2a0945d2806bb11670e30b850d56bdec
      url: "https://pub.dev"
    source: hosted
    version: "0.11.1"
  meta:
    dependency: transitive
    description:
      name: meta
      sha256: "23f08335362185a5ea2ad3a4e597f1375e78bce8a040df5c600c8d3552ef2394"
      url: "https://pub.dev"
    source: hosted
    version: "1.17.0"
  mime:
    dependency: transitive
    description:
      name: mime
      sha256: "41a20518f0cb1256669420fdba0cd90d21561e560ac240f26ef8322e45bb7ed6"
      url: "https://pub.dev"
    source: hosted
    version: "2.0.0"
  nested:
    dependency: transitive
    description:
      name: nested
      sha256: "03bac4c528c64c95c722ec99280375a6f2fc708eec17c7b3f07253b626cd2a20"
      url: "https://pub.dev"
    source: hosted
    version: "1.0.0"
  octo_image:
    dependency: transitive
    description:
      name: octo_image
      sha256: "34faa6639a78c7e3cbe79be6f9f96535867e879748ade7d17c9b1ae7536293bd"
      url: "https://pub.dev"
    source: hosted
    version: "2.1.0"
  open_file:
    dependency: "direct main"
    description:
      name: open_file
      sha256: d17e2bddf5b278cb2ae18393d0496aa4f162142ba97d1a9e0c30d476adf99c0e
      url: "https://pub.dev"
    source: hosted
    version: "3.5.10"
  open_file_android:
    dependency: transitive
    description:
      name: open_file_android
      sha256: "58141fcaece2f453a9684509a7275f231ac0e3d6ceb9a5e6de310a7dff9084aa"
      url: "https://pub.dev"
    source: hosted
    version: "1.0.6"
  open_file_ios:
    dependency: transitive
    description:
      name: open_file_ios
      sha256: "02996f01e5f6863832068e97f8f3a5ef9b613516db6897f373b43b79849e4d07"
      url: "https://pub.dev"
    source: hosted
    version: "1.0.3"
  open_file_linux:
    dependency: transitive
    description:
      name: open_file_linux
      sha256: d189f799eecbb139c97f8bc7d303f9e720954fa4e0fa1b0b7294767e5f2d7550
      url: "https://pub.dev"
    source: hosted
    version: "0.0.5"
  open_file_mac:
    dependency: transitive
    description:
      name: open_file_mac
      sha256: "1440b1e37ceb0642208cfeb2c659c6cda27b25187a90635c9d1acb7d0584d324"
      url: "https://pub.dev"
    source: hosted
    version: "1.0.3"
  open_file_platform_interface:
    dependency: transitive
    description:
      name: open_file_platform_interface
      sha256: "101b424ca359632699a7e1213e83d025722ab668b9fd1412338221bf9b0e5757"
      url: "https://pub.dev"
    source: hosted
    version: "1.0.3"
  open_file_web:
    dependency: transitive
    description:
      name: open_file_web
      sha256: e3dbc9584856283dcb30aef5720558b90f88036360bd078e494ab80a80130c4f
      url: "https://pub.dev"
    source: hosted
    version: "0.0.4"
  open_file_windows:
    dependency: transitive
    description:
      name: open_file_windows
      sha256: d26c31ddf935a94a1a3aa43a23f4fff8a5ff4eea395fe7a8cb819cf55431c875
      url: "https://pub.dev"
    source: hosted
    version: "0.0.3"
  package_info_plus:
    dependency: "direct main"
    description:
      name: package_info_plus
      sha256: f69da0d3189a4b4ceaeb1a3defb0f329b3b352517f52bed4290f83d4f06bc08d
      url: "https://pub.dev"
    source: hosted
    version: "9.0.0"
  package_info_plus_platform_interface:
    dependency: transitive
    description:
      name: package_info_plus_platform_interface
      sha256: "202a487f08836a592a6bd4f901ac69b3a8f146af552bbd14407b6b41e1c3f086"
      url: "https://pub.dev"
    source: hosted
    version: "3.2.1"
  path:
    dependency: transitive
    description:
      name: path
      sha256: "75cca69d1490965be98c73ceaea117e8a04dd21217b37b292c9ddbec0d955bc5"
      url: "https://pub.dev"
    source: hosted
    version: "1.9.1"
  path_parsing:
    dependency: transitive
    description:
      name: path_parsing
      sha256: "883402936929eac138ee0a45da5b0f2c80f89913e6dc3bf77eb65b84b409c6ca"
      url: "https://pub.dev"
    source: hosted
    version: "1.1.0"
  path_provider:
    dependency: "direct main"
    description:
      name: path_provider
      sha256: "50c5dd5b6e1aaf6fb3a78b33f6aa3afca52bf903a8a5298f53101fdaee55bbcd"
      url: "https://pub.dev"
    source: hosted
    version: "2.1.5"
  path_provider_android:
    dependency: transitive
    description:
      name: path_provider_android
      sha256: e122c5ea805bb6773bb12ce667611265980940145be920cd09a4b0ec0285cb16
      url: "https://pub.dev"
    source: hosted
    version: "2.2.20"
  path_provider_foundation:
    dependency: transitive
    description:
      name: path_provider_foundation
      sha256: efaec349ddfc181528345c56f8eda9d6cccd71c177511b132c6a0ddaefaa2738
      url: "https://pub.dev"
    source: hosted
    version: "2.4.3"
  path_provider_linux:
    dependency: transitive
    description:
      name: path_provider_linux
      sha256: f7a1fe3a634fe7734c8d3f2766ad746ae2a2884abe22e241a8b301bf5cac3279
      url: "https://pub.dev"
    source: hosted
    version: "2.2.1"
  path_provider_platform_interface:
    dependency: transitive
    description:
      name: path_provider_platform_interface
      sha256: "88f5779f72ba699763fa3a3b06aa4bf6de76c8e5de842cf6f29e2e06476c2334"
      url: "https://pub.dev"
    source: hosted
    version: "2.1.2"
  path_provider_windows:
    dependency: transitive
    description:
      name: path_provider_windows
      sha256: bd6f00dbd873bfb70d0761682da2b3a2c2fccc2b9e84c495821639601d81afe7
      url: "https://pub.dev"
    source: hosted
    version: "2.3.0"
  permission_handler:
    dependency: "direct main"
    description:
      name: permission_handler
      sha256: bc917da36261b00137bbc8896bf1482169cd76f866282368948f032c8c1caae1
      url: "https://pub.dev"
    source: hosted
    version: "12.0.1"
  permission_handler_android:
    dependency: transitive
    description:
      name: permission_handler_android
      sha256: "1e3bc410ca1bf84662104b100eb126e066cb55791b7451307f9708d4007350e6"
      url: "https://pub.dev"
    source: hosted
    version: "13.0.1"
  permission_handler_apple:
    dependency: transitive
    description:
      name: permission_handler_apple
      sha256: f000131e755c54cf4d84a5d8bd6e4149e262cc31c5a8b1d698de1ac85fa41023
      url: "https://pub.dev"
    source: hosted
    version: "9.4.7"
  permission_handler_html:
    dependency: transitive
    description:
      name: permission_handler_html
      sha256: "38f000e83355abb3392140f6bc3030660cfaef189e1f87824facb76300b4ff24"
      url: "https://pub.dev"
    source: hosted
    version: "0.1.3+5"
  permission_handler_platform_interface:
    dependency: transitive
    description:
      name: permission_handler_platform_interface
      sha256: eb99b295153abce5d683cac8c02e22faab63e50679b937fa1bf67d58bb282878
      url: "https://pub.dev"
    source: hosted
    version: "4.3.0"
  permission_handler_windows:
    dependency: transitive
    description:
      name: permission_handler_windows
      sha256: "1a790728016f79a41216d88672dbc5df30e686e811ad4e698bfc51f76ad91f1e"
      url: "https://pub.dev"
    source: hosted
    version: "0.2.1"
  petitparser:
    dependency: transitive
    description:
      name: petitparser
      sha256: "1a97266a94f7350d30ae522c0af07890c70b8e62c71e8e3920d1db4d23c057d1"
      url: "https://pub.dev"
    source: hosted
    version: "7.0.1"
  platform:
    dependency: transitive
    description:
      name: platform
      sha256: "5d6b1b0036a5f331ebc77c850ebc8506cbc1e9416c27e59b439f917a902a4984"
      url: "https://pub.dev"
    source: hosted
    version: "3.1.6"
  plugin_platform_interface:
    dependency: transitive
    description:
      name: plugin_platform_interface
      sha256: "4820fbfdb9478b1ebae27888254d445073732dae3d6ea81f0b7e06d5dedc3f02"
      url: "https://pub.dev"
    source: hosted
    version: "2.1.8"
  provider:
    dependency: "direct main"
    description:
      name: provider
      sha256: "4e82183fa20e5ca25703ead7e05de9e4cceed1fbd1eadc1ac3cb6f565a09f272"
      url: "https://pub.dev"
    source: hosted
    version: "6.1.5+1"
  quick_actions:
    dependency: "direct main"
    description:
      name: quick_actions
      sha256: "7e35dd6a21f5bbd21acf6899039eaf85001a5ac26d52cbd6a8a2814505b90798"
      url: "https://pub.dev"
    source: hosted
    version: "1.1.0"
  quick_actions_android:
    dependency: transitive
    description:
      name: quick_actions_android
      sha256: e64862358d647dbde94deedd4f8e99a1a4762b3f836f48141c1c457529b83613
      url: "https://pub.dev"
    source: hosted
    version: "1.0.25"
  quick_actions_ios:
    dependency: transitive
    description:
      name: quick_actions_ios
      sha256: "00acf799cd0d89a6d94f99b0421b53afea3108d7e80f56beec2e43eb50b53553"
      url: "https://pub.dev"
    source: hosted
    version: "1.2.2"
  quick_actions_platform_interface:
    dependency: transitive
    description:
      name: quick_actions_platform_interface
      sha256: "1fec7068db5122cd019e9340d3d7be5d36eab099695ef3402c7059ee058329a4"
      url: "https://pub.dev"
    source: hosted
    version: "1.1.0"
  restart_app:
    dependency: "direct main"
    description:
      name: restart_app
      sha256: "00d5ec3e9de871cedbe552fc41e615b042b5ec654385e090e0983f6d02f655ed"
      url: "https://pub.dev"
    source: hosted
    version: "1.3.2"
  rxdart:
    dependency: transitive
    description:
      name: rxdart
      sha256: "5c3004a4a8dbb94bd4bf5412a4def4acdaa12e12f269737a5751369e12d1a962"
      url: "https://pub.dev"
    source: hosted
    version: "0.28.0"
  share_plus:
    dependency: "direct main"
    description:
      name: share_plus
      sha256: "14c8860d4de93d3a7e53af51bff479598c4e999605290756bbbe45cf65b37840"
      url: "https://pub.dev"
    source: hosted
    version: "12.0.1"
  share_plus_platform_interface:
    dependency: transitive
    description:
      name: share_plus_platform_interface
      sha256: "88023e53a13429bd65d8e85e11a9b484f49d4c190abbd96c7932b74d6927cc9a"
      url: "https://pub.dev"
    source: hosted
    version: "6.1.0"
  sky_engine:
    dependency: transitive
    description: flutter
    source: sdk
    version: "0.0.0"
  source_span:
    dependency: transitive
    description:
      name: source_span
      sha256: "254ee5351d6cb365c859e20ee823c3bb479bf4a293c22d17a9f1bf144ce86f7c"
      url: "https://pub.dev"
    source: hosted
    version: "1.10.1"
  sqflite:
    dependency: transitive
    description:
      name: sqflite
      sha256: e2297b1da52f127bc7a3da11439985d9b536f75070f3325e62ada69a5c585d03
      url: "https://pub.dev"
    source: hosted
    version: "2.4.2"
  sqflite_android:
    dependency: transitive
    description:
      name: sqflite_android
      sha256: ecd684501ebc2ae9a83536e8b15731642b9570dc8623e0073d227d0ee2bfea88
      url: "https://pub.dev"
    source: hosted
    version: "2.4.2+2"
  sqflite_common:
    dependency: transitive
    description:
      name: sqflite_common
      sha256: "6ef422a4525ecc601db6c0a2233ff448c731307906e92cabc9ba292afaae16a6"
      url: "https://pub.dev"
    source: hosted
    version: "2.5.6"
  sqflite_darwin:
    dependency: transitive
    description:
      name: sqflite_darwin
      sha256: "279832e5cde3fe99e8571879498c9211f3ca6391b0d818df4e17d9fff5c6ccb3"
      url: "https://pub.dev"
    source: hosted
    version: "2.4.2"
  sqflite_platform_interface:
    dependency: transitive
    description:
      name: sqflite_platform_interface
      sha256: "8dd4515c7bdcae0a785b0062859336de775e8c65db81ae33dd5445f35be61920"
      url: "https://pub.dev"
    source: hosted
    version: "2.4.0"
  stack_trace:
    dependency: transitive
    description:
      name: stack_trace
      sha256: "8b27215b45d22309b5cddda1aa2b19bdfec9df0e765f2de506401c071d38d1b1"
      url: "https://pub.dev"
    source: hosted
    version: "1.12.1"
  stream_channel:
    dependency: transitive
    description:
      name: stream_channel
      sha256: "969e04c80b8bcdf826f8f16579c7b14d780458bd97f56d107d3950fdbeef059d"
      url: "https://pub.dev"
    source: hosted
    version: "2.1.4"
  stream_transform:
    dependency: transitive
    description:
      name: stream_transform
      sha256: ad47125e588cfd37a9a7f86c7d6356dde8dfe89d071d293f80ca9e9273a33871
      url: "https://pub.dev"
    source: hosted
    version: "2.1.1"
  string_scanner:
    dependency: transitive
    description:
      name: string_scanner
      sha256: "921cd31725b72fe181906c6a94d987c78e3b98c2e205b397ea399d4054872b43"
      url: "https://pub.dev"
    source: hosted
    version: "1.4.1"
  synchronized:
    dependency: transitive
    description:
      name: synchronized
      sha256: c254ade258ec8282947a0acbbc90b9575b4f19673533ee46f2f6e9b3aeefd7c0
      url: "https://pub.dev"
    source: hosted
    version: "3.4.0"
  term_glyph:
    dependency: transitive
    description:
      name: term_glyph
      sha256: "7f554798625ea768a7518313e58f83891c7f5024f88e46e7182a4558850a4b8e"
      url: "https://pub.dev"
    source: hosted
    version: "1.2.2"
  test_api:
    dependency: transitive
    description:
      name: test_api
      sha256: ab2726c1a94d3176a45960b6234466ec367179b87dd74f1611adb1f3b5fb9d55
      url: "https://pub.dev"
    source: hosted
    version: "0.7.7"
  timezone:
    dependency: "direct main"
    description:
      name: timezone
      sha256: dd14a3b83cfd7cb19e7888f1cbc20f258b8d71b54c06f79ac585f14093a287d1
      url: "https://pub.dev"
    source: hosted
    version: "0.10.1"
  typed_data:
    dependency: transitive
    description:
      name: typed_data
      sha256: f9049c039ebfeb4cf7a7104a675823cd72dba8297f264b6637062516699fa006
      url: "https://pub.dev"
    source: hosted
    version: "1.4.0"
  url_launcher:
    dependency: "direct main"
    description:
      name: url_launcher
      sha256: f6a7e5c4835bb4e3026a04793a4199ca2d14c739ec378fdfe23fc8075d0439f8
      url: "https://pub.dev"
    source: hosted
    version: "6.3.2"
  url_launcher_android:
    dependency: transitive
    description:
      name: url_launcher_android
      sha256: "5c8b6c2d89a78f5a1cca70a73d9d5f86c701b36b42f9c9dac7bad592113c28e9"
      url: "https://pub.dev"
    source: hosted
    version: "6.3.24"
  url_launcher_ios:
    dependency: transitive
    description:
      name: url_launcher_ios
      sha256: "6b63f1441e4f653ae799166a72b50b1767321ecc263a57aadf825a7a2a5477d9"
      url: "https://pub.dev"
    source: hosted
    version: "6.3.5"
  url_launcher_linux:
    dependency: transitive
    description:
      name: url_launcher_linux
      sha256: "4e9ba368772369e3e08f231d2301b4ef72b9ff87c31192ef471b380ef29a4935"
      url: "https://pub.dev"
    source: hosted
    version: "3.2.1"
  url_launcher_macos:
    dependency: transitive
    description:
      name: url_launcher_macos
      sha256: "8262208506252a3ed4ff5c0dc1e973d2c0e0ef337d0a074d35634da5d44397c9"
      url: "https://pub.dev"
    source: hosted
    version: "3.2.4"
  url_launcher_platform_interface:
    dependency: transitive
    description:
      name: url_launcher_platform_interface
      sha256: "552f8a1e663569be95a8190206a38187b531910283c3e982193e4f2733f01029"
      url: "https://pub.dev"
    source: hosted
    version: "2.3.2"
  url_launcher_web:
    dependency: transitive
    description:
      name: url_launcher_web
      sha256: "4bd2b7b4dc4d4d0b94e5babfffbca8eac1a126c7f3d6ecbc1a11013faa3abba2"
      url: "https://pub.dev"
    source: hosted
    version: "2.4.1"
  url_launcher_windows:
    dependency: transitive
    description:
      name: url_launcher_windows
      sha256: "3284b6d2ac454cf34f114e1d3319866fdd1e19cdc329999057e44ffe936cfa77"
      url: "https://pub.dev"
    source: hosted
    version: "3.1.4"
  uuid:
    dependency: transitive
    description:
      name: uuid
      sha256: a11b666489b1954e01d992f3d601b1804a33937b5a8fe677bd26b8a9f96f96e8
      url: "https://pub.dev"
    source: hosted
    version: "4.5.2"
  vector_graphics:
    dependency: transitive
    description:
      name: vector_graphics
      sha256: a4f059dc26fc8295b5921376600a194c4ec7d55e72f2fe4c7d2831e103d461e6
      url: "https://pub.dev"
    source: hosted
    version: "1.1.19"
  vector_graphics_codec:
    dependency: transitive
    description:
      name: vector_graphics_codec
      sha256: "99fd9fbd34d9f9a32efd7b6a6aae14125d8237b10403b422a6a6dfeac2806146"
      url: "https://pub.dev"
    source: hosted
    version: "1.1.13"
  vector_graphics_compiler:
    dependency: transitive
    description:
      name: vector_graphics_compiler
      sha256: d354a7ec6931e6047785f4db12a1f61ec3d43b207fc0790f863818543f8ff0dc
      url: "https://pub.dev"
    source: hosted
    version: "1.1.19"
  vector_math:
    dependency: transitive
    description:
      name: vector_math
      sha256: d530bd74fea330e6e364cda7a85019c434070188383e1cd8d9777ee586914c5b
      url: "https://pub.dev"
    source: hosted
    version: "2.2.0"
  vm_service:
    dependency: transitive
    description:
      name: vm_service
      sha256: "45caa6c5917fa127b5dbcfbd1fa60b14e583afdc08bfc96dda38886ca252eb60"
      url: "https://pub.dev"
    source: hosted
    version: "15.0.2"
  waktusolat_api_client:
    dependency: "direct main"
    description:
      path: "."
      ref: HEAD
      resolved-ref: "9ff89c57875411ca752f659cf90797c4db0a12cb"
      url: "https://github.com/mptwaktusolat/waktusolat_api_client.git"
    source: git
    version: "1.0.0"
  web:
    dependency: transitive
    description:
      name: web
      sha256: "868d88a33d8a87b18ffc05f9f030ba328ffefba92d6c127917a2ba740f9cfe4a"
      url: "https://pub.dev"
    source: hosted
    version: "1.1.1"
  webview_flutter:
    dependency: transitive
    description:
      name: webview_flutter
      sha256: c3e4fe614b1c814950ad07186007eff2f2e5dd2935eba7b9a9a1af8e5885f1ba
      url: "https://pub.dev"
    source: hosted
    version: "4.13.0"
  webview_flutter_android:
    dependency: transitive
    description:
      name: webview_flutter_android
      sha256: e5201c620eb2637dca88a756961fae4a7191bb30b4f2271e08b746405ffdf3fd
      url: "https://pub.dev"
    source: hosted
    version: "4.10.5"
  webview_flutter_platform_interface:
    dependency: transitive
    description:
      name: webview_flutter_platform_interface
      sha256: "63d26ee3aca7256a83ccb576a50272edd7cfc80573a4305caa98985feb493ee0"
      url: "https://pub.dev"
    source: hosted
    version: "2.14.0"
  webview_flutter_wkwebview:
    dependency: transitive
    description:
      name: webview_flutter_wkwebview
      sha256: "5de608fdea144d4370c21d4c80f0528135529e0180aa129790064c345e457a43"
      url: "https://pub.dev"
    source: hosted
    version: "3.23.2"
  win32:
    dependency: transitive
    description:
      name: win32
      sha256: d7cb55e04cd34096cd3a79b3330245f54cb96a370a1c27adb3c84b917de8b08e
      url: "https://pub.dev"
    source: hosted
    version: "5.15.0"
  win32_registry:
    dependency: transitive
    description:
      name: win32_registry
      sha256: "6f1b564492d0147b330dd794fee8f512cec4977957f310f9951b5f9d83618dae"
      url: "https://pub.dev"
    source: hosted
    version: "2.1.0"
  xdg_directories:
    dependency: transitive
    description:
      name: xdg_directories
      sha256: "7a3f37b05d989967cdddcbb571f1ea834867ae2faa29725fd085180e0883aa15"
      url: "https://pub.dev"
    source: hosted
    version: "1.1.0"
  xml:
    dependency: transitive
    description:
      name: xml
      sha256: "971043b3a0d3da28727e40ed3e0b5d18b742fa5a68665cca88e74b7876d5e025"
      url: "https://pub.dev"
    source: hosted
    version: "6.6.1"
sdks:
  dart: ">=3.9.0 <4.0.0"
  flutter: ">=3.35.0"
